{
  "nodes": {
    "flake-utils": {
      "locked": {
        "lastModified": 1659877975,
        "narHash": "sha256-zllb8aq3YO3h8B/U0/J1WBgAL8EX5yWf5pMj3G0NAmc=",
        "owner": "numtide",
        "repo": "flake-utils",
        "rev": "c0e246b9b83f637f4681389ecabcb2681b4f3af0",
        "type": "github"
      },
      "original": {
        "owner": "numtide",
        "repo": "flake-utils",
        "type": "github"
      }
    },
    "nixpkgs": {
      "locked": {
        "lastModified": 1660665492,
        "narHash": "sha256-62bQw99mMix+kGPU3TQw+p2CRXKnGWTbaK6YH5jqWOI=",
        "owner": "BattleCh1cken",
        "repo": "nixpkgs",
        "rev": "2b7997e91e071e5cd2db87ae068e005b81cfe935",
        "type": "github"
      },
      "original": {
        "owner": "BattleCh1cken",
        "repo": "nixpkgs",
        "type": "github"
      }
    },
    "root": {
      "inputs": {
        "flake-utils": "flake-utils",
        "nixpkgs": "nixpkgs"
      }
    }
  },
  "root": "root",
  "version": 7
}
